// !$*UTF8*$!
{
	archiveVersion = 1;
	classes = {
	};
	objectVersion = 46;
	objects = {

/* Begin PBXBuildFile section */
		76E3AEB6DD5AE4B74682ECA2 /* Pods_RSuite_Geofence.framework in Frameworks */ = {isa = PBXBuildFile; fileRef = C20FECBE68E5681285BA22B5 /* Pods_RSuite_Geofence.framework */; };
		87D8E89634C0368F5FC852F4 /* Pods_RSuite_GeofenceTests.framework in Frameworks */ = {isa = PBXBuildFile; fileRef = DB60237F513156435E88BB99 /* Pods_RSuite_GeofenceTests.framework */; };
		CF27FCFC1F06C79B00EE1DA2 /* LogicalLocationSample.swift in Sources */ = {isa = PBXBuildFile; fileRef = CF27FCFB1F06C79B00EE1DA2 /* LogicalLocationSample.swift */; };
		CF83407C1F151D44008DB1F9 /* OMHClient.plist in Resources */ = {isa = PBXBuildFile; fileRef = CF83407B1F151D44008DB1F9 /* OMHClient.plist */; };
		CF92B9761F01819F002B4B7B /* GeofenceStore.swift in Sources */ = {isa = PBXBuildFile; fileRef = CF92B9751F01819F002B4B7B /* GeofenceStore.swift */; };
		CF92B9821F018FF6002B4B7B /* LocationOnboarding.json in Resources */ = {isa = PBXBuildFile; fileRef = CF92B9811F018FF6002B4B7B /* LocationOnboarding.json */; };
		CF92B9841F019231002B4B7B /* Onboarding.storyboard in Resources */ = {isa = PBXBuildFile; fileRef = CF92B9831F019231002B4B7B /* Onboarding.storyboard */; };
		CF92B9861F0192CD002B4B7B /* OnboardingViewController.swift in Sources */ = {isa = PBXBuildFile; fileRef = CF92B9851F0192CD002B4B7B /* OnboardingViewController.swift */; };
		CF92B9881F0193FD002B4B7B /* signIn.json in Resources */ = {isa = PBXBuildFile; fileRef = CF92B9871F0193FD002B4B7B /* signIn.json */; };
		CF92B98A1F019A7E002B4B7B /* SettingsViewController.swift in Sources */ = {isa = PBXBuildFile; fileRef = CF92B9891F019A7E002B4B7B /* SettingsViewController.swift */; };
		CF92B98C1F01A215002B4B7B /* homeLocation.json in Resources */ = {isa = PBXBuildFile; fileRef = CF92B98B1F01A215002B4B7B /* homeLocation.json */; };
		CF92B98E1F01A221002B4B7B /* workLocation.json in Resources */ = {isa = PBXBuildFile; fileRef = CF92B98D1F01A221002B4B7B /* workLocation.json */; };
		CFDCD26D1F16A2D900059C6D /* LocationSample.swift in Sources */ = {isa = PBXBuildFile; fileRef = CFDCD26C1F16A2D900059C6D /* LocationSample.swift */; };
		CFDD25D71F01782500196692 /* AppDelegate.swift in Sources */ = {isa = PBXBuildFile; fileRef = CFDD25D61F01782500196692 /* AppDelegate.swift */; };
		CFDD25D91F01782500196692 /* ViewController.swift in Sources */ = {isa = PBXBuildFile; fileRef = CFDD25D81F01782500196692 /* ViewController.swift */; };
		CFDD25DC1F01782500196692 /* Main.storyboard in Resources */ = {isa = PBXBuildFile; fileRef = CFDD25DA1F01782500196692 /* Main.storyboard */; };
		CFDD25E11F01782500196692 /* Assets.xcassets in Resources */ = {isa = PBXBuildFile; fileRef = CFDD25E01F01782500196692 /* Assets.xcassets */; };
		CFDD25E41F01782500196692 /* LaunchScreen.storyboard in Resources */ = {isa = PBXBuildFile; fileRef = CFDD25E21F01782500196692 /* LaunchScreen.storyboard */; };
		CFDD25EF1F01782500196692 /* RSuite_GeofenceTests.swift in Sources */ = {isa = PBXBuildFile; fileRef = CFDD25EE1F01782500196692 /* RSuite_GeofenceTests.swift */; };
/* End PBXBuildFile section */

/* Begin PBXContainerItemProxy section */
		CFDD25EB1F01782500196692 /* PBXContainerItemProxy */ = {
			isa = PBXContainerItemProxy;
			containerPortal = CFDD25CB1F01782500196692 /* Project object */;
			proxyType = 1;
			remoteGlobalIDString = CFDD25D21F01782500196692;
			remoteInfo = "RSuite-Geofence";
		};
/* End PBXContainerItemProxy section */

/* Begin PBXFileReference section */
		27BE2546E40698FB30CAE7F0 /* Pods-RSuite-Geofence.debug.xcconfig */ = {isa = PBXFileReference; includeInIndex = 1; lastKnownFileType = text.xcconfig; name = "Pods-RSuite-Geofence.debug.xcconfig"; path = "Pods/Target Support Files/Pods-RSuite-Geofence/Pods-RSuite-Geofence.debug.xcconfig"; sourceTree = "<group>"; };
		3C3DF3A267F7BA4C8A64F10E /* Pods-RSuite-Geofence.release.xcconfig */ = {isa = PBXFileReference; includeInIndex = 1; lastKnownFileType = text.xcconfig; name = "Pods-RSuite-Geofence.release.xcconfig"; path = "Pods/Target Support Files/Pods-RSuite-Geofence/Pods-RSuite-Geofence.release.xcconfig"; sourceTree = "<group>"; };
		6F519F6D54677CEA7DDD7F8E /* Pods-RSuite-GeofenceTests.release.xcconfig */ = {isa = PBXFileReference; includeInIndex = 1; lastKnownFileType = text.xcconfig; name = "Pods-RSuite-GeofenceTests.release.xcconfig"; path = "Pods/Target Support Files/Pods-RSuite-GeofenceTests/Pods-RSuite-GeofenceTests.release.xcconfig"; sourceTree = "<group>"; };
		C20FECBE68E5681285BA22B5 /* Pods_RSuite_Geofence.framework */ = {isa = PBXFileReference; explicitFileType = wrapper.framework; includeInIndex = 0; path = Pods_RSuite_Geofence.framework; sourceTree = BUILT_PRODUCTS_DIR; };
		C2D3E3C0A5254654E780119B /* Pods-RSuite-GeofenceTests.debug.xcconfig */ = {isa = PBXFileReference; includeInIndex = 1; lastKnownFileType = text.xcconfig; name = "Pods-RSuite-GeofenceTests.debug.xcconfig"; path = "Pods/Target Support Files/Pods-RSuite-GeofenceTests/Pods-RSuite-GeofenceTests.debug.xcconfig"; sourceTree = "<group>"; };
		CF27FCFB1F06C79B00EE1DA2 /* LogicalLocationSample.swift */ = {isa = PBXFileReference; fileEncoding = 4; lastKnownFileType = sourcecode.swift; path = LogicalLocationSample.swift; sourceTree = "<group>"; };
		CF83407B1F151D44008DB1F9 /* OMHClient.plist */ = {isa = PBXFileReference; fileEncoding = 4; lastKnownFileType = text.plist.xml; path = OMHClient.plist; sourceTree = "<group>"; };
		CF92B9751F01819F002B4B7B /* GeofenceStore.swift */ = {isa = PBXFileReference; fileEncoding = 4; lastKnownFileType = sourcecode.swift; path = GeofenceStore.swift; sourceTree = "<group>"; };
		CF92B9811F018FF6002B4B7B /* LocationOnboarding.json */ = {isa = PBXFileReference; fileEncoding = 4; lastKnownFileType = text.json; path = LocationOnboarding.json; sourceTree = "<group>"; };
		CF92B9831F019231002B4B7B /* Onboarding.storyboard */ = {isa = PBXFileReference; fileEncoding = 4; lastKnownFileType = file.storyboard; path = Onboarding.storyboard; sourceTree = "<group>"; };
		CF92B9851F0192CD002B4B7B /* OnboardingViewController.swift */ = {isa = PBXFileReference; fileEncoding = 4; lastKnownFileType = sourcecode.swift; path = OnboardingViewController.swift; sourceTree = "<group>"; };
		CF92B9871F0193FD002B4B7B /* signIn.json */ = {isa = PBXFileReference; fileEncoding = 4; lastKnownFileType = text.json; path = signIn.json; sourceTree = "<group>"; };
		CF92B9891F019A7E002B4B7B /* SettingsViewController.swift */ = {isa = PBXFileReference; fileEncoding = 4; lastKnownFileType = sourcecode.swift; path = SettingsViewController.swift; sourceTree = "<group>"; };
		CF92B98B1F01A215002B4B7B /* homeLocation.json */ = {isa = PBXFileReference; fileEncoding = 4; lastKnownFileType = text.json; path = homeLocation.json; sourceTree = "<group>"; };
		CF92B98D1F01A221002B4B7B /* workLocation.json */ = {isa = PBXFileReference; fileEncoding = 4; lastKnownFileType = text.json; path = workLocation.json; sourceTree = "<group>"; };
		CFDCD26C1F16A2D900059C6D /* LocationSample.swift */ = {isa = PBXFileReference; fileEncoding = 4; lastKnownFileType = sourcecode.swift; path = LocationSample.swift; sourceTree = "<group>"; };
		CFDD25D31F01782500196692 /* RSuite-Geofence.app */ = {isa = PBXFileReference; explicitFileType = wrapper.application; includeInIndex = 0; path = "RSuite-Geofence.app"; sourceTree = BUILT_PRODUCTS_DIR; };
		CFDD25D61F01782500196692 /* AppDelegate.swift */ = {isa = PBXFileReference; lastKnownFileType = sourcecode.swift; path = AppDelegate.swift; sourceTree = "<group>"; };
		CFDD25D81F01782500196692 /* ViewController.swift */ = {isa = PBXFileReference; lastKnownFileType = sourcecode.swift; path = ViewController.swift; sourceTree = "<group>"; };
		CFDD25DB1F01782500196692 /* Base */ = {isa = PBXFileReference; lastKnownFileType = file.storyboard; name = Base; path = Base.lproj/Main.storyboard; sourceTree = "<group>"; };
		CFDD25E01F01782500196692 /* Assets.xcassets */ = {isa = PBXFileReference; lastKnownFileType = folder.assetcatalog; path = Assets.xcassets; sourceTree = "<group>"; };
		CFDD25E31F01782500196692 /* Base */ = {isa = PBXFileReference; lastKnownFileType = file.storyboard; name = Base; path = Base.lproj/LaunchScreen.storyboard; sourceTree = "<group>"; };
		CFDD25E51F01782500196692 /* Info.plist */ = {isa = PBXFileReference; lastKnownFileType = text.plist.xml; path = Info.plist; sourceTree = "<group>"; };
		CFDD25EA1F01782500196692 /* RSuite-GeofenceTests.xctest */ = {isa = PBXFileReference; explicitFileType = wrapper.cfbundle; includeInIndex = 0; path = "RSuite-GeofenceTests.xctest"; sourceTree = BUILT_PRODUCTS_DIR; };
		CFDD25EE1F01782500196692 /* RSuite_GeofenceTests.swift */ = {isa = PBXFileReference; lastKnownFileType = sourcecode.swift; path = RSuite_GeofenceTests.swift; sourceTree = "<group>"; };
		CFDD25F01F01782500196692 /* Info.plist */ = {isa = PBXFileReference; lastKnownFileType = text.plist.xml; path = Info.plist; sourceTree = "<group>"; };
		DB60237F513156435E88BB99 /* Pods_RSuite_GeofenceTests.framework */ = {isa = PBXFileReference; explicitFileType = wrapper.framework; includeInIndex = 0; path = Pods_RSuite_GeofenceTests.framework; sourceTree = BUILT_PRODUCTS_DIR; };
/* End PBXFileReference section */

/* Begin PBXFrameworksBuildPhase section */
		CFDD25D01F01782500196692 /* Frameworks */ = {
			isa = PBXFrameworksBuildPhase;
			buildActionMask = 2147483647;
			files = (
				76E3AEB6DD5AE4B74682ECA2 /* Pods_RSuite_Geofence.framework in Frameworks */,
			);
			runOnlyForDeploymentPostprocessing = 0;
		};
		CFDD25E71F01782500196692 /* Frameworks */ = {
			isa = PBXFrameworksBuildPhase;
			buildActionMask = 2147483647;
			files = (
				87D8E89634C0368F5FC852F4 /* Pods_RSuite_GeofenceTests.framework in Frameworks */,
			);
			runOnlyForDeploymentPostprocessing = 0;
		};
/* End PBXFrameworksBuildPhase section */

/* Begin PBXGroup section */
		7394B4F3F8E303124E0A7417 /* Pods */ = {
			isa = PBXGroup;
			children = (
				27BE2546E40698FB30CAE7F0 /* Pods-RSuite-Geofence.debug.xcconfig */,
				3C3DF3A267F7BA4C8A64F10E /* Pods-RSuite-Geofence.release.xcconfig */,
				C2D3E3C0A5254654E780119B /* Pods-RSuite-GeofenceTests.debug.xcconfig */,
				6F519F6D54677CEA7DDD7F8E /* Pods-RSuite-GeofenceTests.release.xcconfig */,
			);
			name = Pods;
			sourceTree = "<group>";
		};
		C88434E2685063B3D1A2A58A /* Frameworks */ = {
			isa = PBXGroup;
			children = (
				C20FECBE68E5681285BA22B5 /* Pods_RSuite_Geofence.framework */,
				DB60237F513156435E88BB99 /* Pods_RSuite_GeofenceTests.framework */,
			);
			name = Frameworks;
			sourceTree = "<group>";
		};
		CF92B9771F018516002B4B7B /* config */ = {
			isa = PBXGroup;
			children = (
				CF92B97A1F018549002B4B7B /* json */,
			);
			name = config;
			sourceTree = "<group>";
		};
		CF92B9781F018521002B4B7B /* Support Files */ = {
			isa = PBXGroup;
			children = (
				CFDD25E01F01782500196692 /* Assets.xcassets */,
				CFDD25E51F01782500196692 /* Info.plist */,
				CF83407B1F151D44008DB1F9 /* OMHClient.plist */,
			);
			name = "Support Files";
			sourceTree = "<group>";
		};
		CF92B9791F018527002B4B7B /* Storyboards */ = {
			isa = PBXGroup;
			children = (
				CFDD25DA1F01782500196692 /* Main.storyboard */,
				CFDD25E21F01782500196692 /* LaunchScreen.storyboard */,
				CF92B9831F019231002B4B7B /* Onboarding.storyboard */,
			);
			name = Storyboards;
			sourceTree = "<group>";
		};
		CF92B97A1F018549002B4B7B /* json */ = {
			isa = PBXGroup;
			children = (
				CF92B9811F018FF6002B4B7B /* LocationOnboarding.json */,
				CF92B9871F0193FD002B4B7B /* signIn.json */,
				CF92B98B1F01A215002B4B7B /* homeLocation.json */,
				CF92B98D1F01A221002B4B7B /* workLocation.json */,
			);
			name = json;
			sourceTree = "<group>";
		};
		CFDD25CA1F01782500196692 = {
			isa = PBXGroup;
			children = (
				CFDD25D51F01782500196692 /* RSuite-Geofence */,
				CFDD25ED1F01782500196692 /* RSuite-GeofenceTests */,
				CFDD25D41F01782500196692 /* Products */,
				7394B4F3F8E303124E0A7417 /* Pods */,
				C88434E2685063B3D1A2A58A /* Frameworks */,
			);
			sourceTree = "<group>";
		};
		CFDD25D41F01782500196692 /* Products */ = {
			isa = PBXGroup;
			children = (
				CFDD25D31F01782500196692 /* RSuite-Geofence.app */,
				CFDD25EA1F01782500196692 /* RSuite-GeofenceTests.xctest */,
			);
			name = Products;
			sourceTree = "<group>";
		};
		CFDD25D51F01782500196692 /* RSuite-Geofence */ = {
			isa = PBXGroup;
			children = (
				CF92B9791F018527002B4B7B /* Storyboards */,
				CF92B9781F018521002B4B7B /* Support Files */,
				CF92B9771F018516002B4B7B /* config */,
				CFDD25D61F01782500196692 /* AppDelegate.swift */,
				CFDCD26C1F16A2D900059C6D /* LocationSample.swift */,
				CF92B9751F01819F002B4B7B /* GeofenceStore.swift */,
				CFDD25D81F01782500196692 /* ViewController.swift */,
				CF92B9851F0192CD002B4B7B /* OnboardingViewController.swift */,
				CF92B9891F019A7E002B4B7B /* SettingsViewController.swift */,
				CF27FCFB1F06C79B00EE1DA2 /* LogicalLocationSample.swift */,
			);
			path = "RSuite-Geofence";
			sourceTree = "<group>";
		};
		CFDD25ED1F01782500196692 /* RSuite-GeofenceTests */ = {
			isa = PBXGroup;
			children = (
				CFDD25EE1F01782500196692 /* RSuite_GeofenceTests.swift */,
				CFDD25F01F01782500196692 /* Info.plist */,
			);
			path = "RSuite-GeofenceTests";
			sourceTree = "<group>";
		};
/* End PBXGroup section */

/* Begin PBXNativeTarget section */
		CFDD25D21F01782500196692 /* RSuite-Geofence */ = {
			isa = PBXNativeTarget;
			buildConfigurationList = CFDD25F31F01782500196692 /* Build configuration list for PBXNativeTarget "RSuite-Geofence" */;
			buildPhases = (
				7B2C09DDD661F14C3A04DE61 /* [CP] Check Pods Manifest.lock */,
				CFDD25CF1F01782500196692 /* Sources */,
				CFDD25D01F01782500196692 /* Frameworks */,
				CFDD25D11F01782500196692 /* Resources */,
				79180329146E367AB6418D47 /* [CP] Embed Pods Frameworks */,
				3B1922CAFF9060D0F2836802 /* [CP] Copy Pods Resources */,
			);
			buildRules = (
			);
			dependencies = (
			);
			name = "RSuite-Geofence";
			productName = "RSuite-Geofence";
			productReference = CFDD25D31F01782500196692 /* RSuite-Geofence.app */;
			productType = "com.apple.product-type.application";
		};
		CFDD25E91F01782500196692 /* RSuite-GeofenceTests */ = {
			isa = PBXNativeTarget;
			buildConfigurationList = CFDD25F61F01782500196692 /* Build configuration list for PBXNativeTarget "RSuite-GeofenceTests" */;
			buildPhases = (
				EC35156457B196A7C3DF5E9C /* [CP] Check Pods Manifest.lock */,
				CFDD25E61F01782500196692 /* Sources */,
				CFDD25E71F01782500196692 /* Frameworks */,
				CFDD25E81F01782500196692 /* Resources */,
				33AC3B193A158546E13D599C /* [CP] Embed Pods Frameworks */,
				F748DDFE5500A35DDED8AF4B /* [CP] Copy Pods Resources */,
			);
			buildRules = (
			);
			dependencies = (
				CFDD25EC1F01782500196692 /* PBXTargetDependency */,
			);
			name = "RSuite-GeofenceTests";
			productName = "RSuite-GeofenceTests";
			productReference = CFDD25EA1F01782500196692 /* RSuite-GeofenceTests.xctest */;
			productType = "com.apple.product-type.bundle.unit-test";
		};
/* End PBXNativeTarget section */

/* Begin PBXProject section */
		CFDD25CB1F01782500196692 /* Project object */ = {
			isa = PBXProject;
			attributes = {
				LastSwiftUpdateCheck = 0830;
				LastUpgradeCheck = 0830;
				ORGANIZATIONNAME = "Christina Tsangouri";
				TargetAttributes = {
					CFDD25D21F01782500196692 = {
						CreatedOnToolsVersion = 8.3.2;
						DevelopmentTeam = E8AN4S9FD3;
						LastSwiftMigration = 0830;
						ProvisioningStyle = Automatic;
						SystemCapabilities = {
							com.apple.InAppPurchase = {
								enabled = 0;
							};
						};
					};
					CFDD25E91F01782500196692 = {
						CreatedOnToolsVersion = 8.3.2;
						LastSwiftMigration = 0830;
						ProvisioningStyle = Automatic;
						TestTargetID = CFDD25D21F01782500196692;
					};
				};
			};
			buildConfigurationList = CFDD25CE1F01782500196692 /* Build configuration list for PBXProject "RSuite-Geofence" */;
			compatibilityVersion = "Xcode 3.2";
			developmentRegion = English;
			hasScannedForEncodings = 0;
			knownRegions = (
				en,
				Base,
			);
			mainGroup = CFDD25CA1F01782500196692;
			productRefGroup = CFDD25D41F01782500196692 /* Products */;
			projectDirPath = "";
			projectRoot = "";
			targets = (
				CFDD25D21F01782500196692 /* RSuite-Geofence */,
				CFDD25E91F01782500196692 /* RSuite-GeofenceTests */,
			);
		};
/* End PBXProject section */

/* Begin PBXResourcesBuildPhase section */
		CFDD25D11F01782500196692 /* Resources */ = {
			isa = PBXResourcesBuildPhase;
			buildActionMask = 2147483647;
			files = (
				CFDD25E41F01782500196692 /* LaunchScreen.storyboard in Resources */,
				CFDD25E11F01782500196692 /* Assets.xcassets in Resources */,
				CF92B98C1F01A215002B4B7B /* homeLocation.json in Resources */,
				CF83407C1F151D44008DB1F9 /* OMHClient.plist in Resources */,
				CF92B9881F0193FD002B4B7B /* signIn.json in Resources */,
				CF92B98E1F01A221002B4B7B /* workLocation.json in Resources */,
				CF92B9841F019231002B4B7B /* Onboarding.storyboard in Resources */,
				CF92B9821F018FF6002B4B7B /* LocationOnboarding.json in Resources */,
				CFDD25DC1F01782500196692 /* Main.storyboard in Resources */,
			);
			runOnlyForDeploymentPostprocessing = 0;
		};
		CFDD25E81F01782500196692 /* Resources */ = {
			isa = PBXResourcesBuildPhase;
			buildActionMask = 2147483647;
			files = (
			);
			runOnlyForDeploymentPostprocessing = 0;
		};
/* End PBXResourcesBuildPhase section */

/* Begin PBXShellScriptBuildPhase section */
		33AC3B193A158546E13D599C /* [CP] Embed Pods Frameworks */ = {
			isa = PBXShellScriptBuildPhase;
			buildActionMask = 2147483647;
			files = (
			);
			inputPaths = (
			);
			name = "[CP] Embed Pods Frameworks";
			outputPaths = (
			);
			runOnlyForDeploymentPostprocessing = 0;
			shellPath = /bin/sh;
			shellScript = "\"${SRCROOT}/Pods/Target Support Files/Pods-RSuite-GeofenceTests/Pods-RSuite-GeofenceTests-frameworks.sh\"\n";
			showEnvVarsInLog = 0;
		};
		3B1922CAFF9060D0F2836802 /* [CP] Copy Pods Resources */ = {
			isa = PBXShellScriptBuildPhase;
			buildActionMask = 2147483647;
			files = (
			);
			inputPaths = (
			);
			name = "[CP] Copy Pods Resources";
			outputPaths = (
			);
			runOnlyForDeploymentPostprocessing = 0;
			shellPath = /bin/sh;
			shellScript = "\"${SRCROOT}/Pods/Target Support Files/Pods-RSuite-Geofence/Pods-RSuite-Geofence-resources.sh\"\n";
			showEnvVarsInLog = 0;
		};
		79180329146E367AB6418D47 /* [CP] Embed Pods Frameworks */ = {
			isa = PBXShellScriptBuildPhase;
			buildActionMask = 2147483647;
			files = (
			);
			inputPaths = (
			);
			name = "[CP] Embed Pods Frameworks";
			outputPaths = (
			);
			runOnlyForDeploymentPostprocessing = 0;
			shellPath = /bin/sh;
			shellScript = "\"${SRCROOT}/Pods/Target Support Files/Pods-RSuite-Geofence/Pods-RSuite-Geofence-frameworks.sh\"\n";
			showEnvVarsInLog = 0;
		};
		7B2C09DDD661F14C3A04DE61 /* [CP] Check Pods Manifest.lock */ = {
			isa = PBXShellScriptBuildPhase;
			buildActionMask = 2147483647;
			files = (
			);
			inputPaths = (
			);
			name = "[CP] Check Pods Manifest.lock";
			outputPaths = (
			);
			runOnlyForDeploymentPostprocessing = 0;
			shellPath = /bin/sh;
			shellScript = "diff \"${PODS_ROOT}/../Podfile.lock\" \"${PODS_ROOT}/Manifest.lock\" > /dev/null\nif [[ $? != 0 ]] ; then\n    cat << EOM\nerror: The sandbox is not in sync with the Podfile.lock. Run 'pod install' or update your CocoaPods installation.\nEOM\n    exit 1\nfi\n";
			showEnvVarsInLog = 0;
		};
		EC35156457B196A7C3DF5E9C /* [CP] Check Pods Manifest.lock */ = {
			isa = PBXShellScriptBuildPhase;
			buildActionMask = 2147483647;
			files = (
			);
			inputPaths = (
			);
			name = "[CP] Check Pods Manifest.lock";
			outputPaths = (
			);
			runOnlyForDeploymentPostprocessing = 0;
			shellPath = /bin/sh;
			shellScript = "diff \"${PODS_ROOT}/../Podfile.lock\" \"${PODS_ROOT}/Manifest.lock\" > /dev/null\nif [[ $? != 0 ]] ; then\n    cat << EOM\nerror: The sandbox is not in sync with the Podfile.lock. Run 'pod install' or update your CocoaPods installation.\nEOM\n    exit 1\nfi\n";
			showEnvVarsInLog = 0;
		};
		F748DDFE5500A35DDED8AF4B /* [CP] Copy Pods Resources */ = {
			isa = PBXShellScriptBuildPhase;
			buildActionMask = 2147483647;
			files = (
			);
			inputPaths = (
			);
			name = "[CP] Copy Pods Resources";
			outputPaths = (
			);
			runOnlyForDeploymentPostprocessing = 0;
			shellPath = /bin/sh;
			shellScript = "\"${SRCROOT}/Pods/Target Support Files/Pods-RSuite-GeofenceTests/Pods-RSuite-GeofenceTests-resources.sh\"\n";
			showEnvVarsInLog = 0;
		};
/* End PBXShellScriptBuildPhase section */

/* Begin PBXSourcesBuildPhase section */
		CFDD25CF1F01782500196692 /* Sources */ = {
			isa = PBXSourcesBuildPhase;
			buildActionMask = 2147483647;
			files = (
				CFDD25D91F01782500196692 /* ViewController.swift in Sources */,
				CFDD25D71F01782500196692 /* AppDelegate.swift in Sources */,
				CF27FCFC1F06C79B00EE1DA2 /* LogicalLocationSample.swift in Sources */,
				CFDCD26D1F16A2D900059C6D /* LocationSample.swift in Sources */,
				CF92B9761F01819F002B4B7B /* GeofenceStore.swift in Sources */,
				CF92B98A1F019A7E002B4B7B /* SettingsViewController.swift in Sources */,
				CF92B9861F0192CD002B4B7B /* OnboardingViewController.swift in Sources */,
			);
			runOnlyForDeploymentPostprocessing = 0;
		};
		CFDD25E61F01782500196692 /* Sources */ = {
			isa = PBXSourcesBuildPhase;
			buildActionMask = 2147483647;
			files = (
				CFDD25EF1F01782500196692 /* RSuite_GeofenceTests.swift in Sources */,
			);
			runOnlyForDeploymentPostprocessing = 0;
		};
/* End PBXSourcesBuildPhase section */

/* Begin PBXTargetDependency section */
		CFDD25EC1F01782500196692 /* PBXTargetDependency */ = {
			isa = PBXTargetDependency;
			target = CFDD25D21F01782500196692 /* RSuite-Geofence */;
			targetProxy = CFDD25EB1F01782500196692 /* PBXContainerItemProxy */;
		};
/* End PBXTargetDependency section */

/* Begin PBXVariantGroup section */
		CFDD25DA1F01782500196692 /* Main.storyboard */ = {
			isa = PBXVariantGroup;
			children = (
				CFDD25DB1F01782500196692 /* Base */,
			);
			name = Main.storyboard;
			sourceTree = "<group>";
		};
		CFDD25E21F01782500196692 /* LaunchScreen.storyboard */ = {
			isa = PBXVariantGroup;
			children = (
				CFDD25E31F01782500196692 /* Base */,
			);
			name = LaunchScreen.storyboard;
			sourceTree = "<group>";
		};
/* End PBXVariantGroup section */

/* Begin XCBuildConfiguration section */
		CFDD25F11F01782500196692 /* Debug */ = {
			isa = XCBuildConfiguration;
			buildSettings = {
				ALWAYS_SEARCH_USER_PATHS = NO;
				CLANG_ANALYZER_NONNULL = YES;
				CLANG_ANALYZER_NUMBER_OBJECT_CONVERSION = YES_AGGRESSIVE;
				CLANG_CXX_LANGUAGE_STANDARD = "gnu++0x";
				CLANG_CXX_LIBRARY = "libc++";
				CLANG_ENABLE_MODULES = YES;
				CLANG_ENABLE_OBJC_ARC = YES;
				CLANG_WARN_BOOL_CONVERSION = YES;
				CLANG_WARN_CONSTANT_CONVERSION = YES;
				CLANG_WARN_DIRECT_OBJC_ISA_USAGE = YES_ERROR;
				CLANG_WARN_DOCUMENTATION_COMMENTS = YES;
				CLANG_WARN_EMPTY_BODY = YES;
				CLANG_WARN_ENUM_CONVERSION = YES;
				CLANG_WARN_INFINITE_RECURSION = YES;
				CLANG_WARN_INT_CONVERSION = YES;
				CLANG_WARN_OBJC_ROOT_CLASS = YES_ERROR;
				CLANG_WARN_SUSPICIOUS_MOVE = YES;
				CLANG_WARN_UNREACHABLE_CODE = YES;
				CLANG_WARN__DUPLICATE_METHOD_MATCH = YES;
				"CODE_SIGN_IDENTITY[sdk=iphoneos*]" = "iPhone Developer";
				COPY_PHASE_STRIP = NO;
				DEBUG_INFORMATION_FORMAT = dwarf;
				ENABLE_STRICT_OBJC_MSGSEND = YES;
				ENABLE_TESTABILITY = YES;
				GCC_C_LANGUAGE_STANDARD = gnu99;
				GCC_DYNAMIC_NO_PIC = NO;
				GCC_NO_COMMON_BLOCKS = YES;
				GCC_OPTIMIZATION_LEVEL = 0;
				GCC_PREPROCESSOR_DEFINITIONS = (
					"DEBUG=1",
					"$(inherited)",
				);
				GCC_WARN_64_TO_32_BIT_CONVERSION = YES;
				GCC_WARN_ABOUT_RETURN_TYPE = YES_ERROR;
				GCC_WARN_UNDECLARED_SELECTOR = YES;
				GCC_WARN_UNINITIALIZED_AUTOS = YES_AGGRESSIVE;
				GCC_WARN_UNUSED_FUNCTION = YES;
				GCC_WARN_UNUSED_VARIABLE = YES;
				IPHONEOS_DEPLOYMENT_TARGET = 10.3;
				MTL_ENABLE_DEBUG_INFO = YES;
				ONLY_ACTIVE_ARCH = YES;
				SDKROOT = iphoneos;
				SWIFT_ACTIVE_COMPILATION_CONDITIONS = DEBUG;
				SWIFT_OPTIMIZATION_LEVEL = "-Onone";
			};
			name = Debug;
		};
		CFDD25F21F01782500196692 /* Release */ = {
			isa = XCBuildConfiguration;
			buildSettings = {
				ALWAYS_SEARCH_USER_PATHS = NO;
				CLANG_ANALYZER_NONNULL = YES;
				CLANG_ANALYZER_NUMBER_OBJECT_CONVERSION = YES_AGGRESSIVE;
				CLANG_CXX_LANGUAGE_STANDARD = "gnu++0x";
				CLANG_CXX_LIBRARY = "libc++";
				CLANG_ENABLE_MODULES = YES;
				CLANG_ENABLE_OBJC_ARC = YES;
				CLANG_WARN_BOOL_CONVERSION = YES;
				CLANG_WARN_CONSTANT_CONVERSION = YES;
				CLANG_WARN_DIRECT_OBJC_ISA_USAGE = YES_ERROR;
				CLANG_WARN_DOCUMENTATION_COMMENTS = YES;
				CLANG_WARN_EMPTY_BODY = YES;
				CLANG_WARN_ENUM_CONVERSION = YES;
				CLANG_WARN_INFINITE_RECURSION = YES;
				CLANG_WARN_INT_CONVERSION = YES;
				CLANG_WARN_OBJC_ROOT_CLASS = YES_ERROR;
				CLANG_WARN_SUSPICIOUS_MOVE = YES;
				CLANG_WARN_UNREACHABLE_CODE = YES;
				CLANG_WARN__DUPLICATE_METHOD_MATCH = YES;
				"CODE_SIGN_IDENTITY[sdk=iphoneos*]" = "iPhone Developer";
				COPY_PHASE_STRIP = NO;
				DEBUG_INFORMATION_FORMAT = "dwarf-with-dsym";
				ENABLE_NS_ASSERTIONS = NO;
				ENABLE_STRICT_OBJC_MSGSEND = YES;
				GCC_C_LANGUAGE_STANDARD = gnu99;
				GCC_NO_COMMON_BLOCKS = YES;
				GCC_WARN_64_TO_32_BIT_CONVERSION = YES;
				GCC_WARN_ABOUT_RETURN_TYPE = YES_ERROR;
				GCC_WARN_UNDECLARED_SELECTOR = YES;
				GCC_WARN_UNINITIALIZED_AUTOS = YES_AGGRESSIVE;
				GCC_WARN_UNUSED_FUNCTION = YES;
				GCC_WARN_UNUSED_VARIABLE = YES;
				IPHONEOS_DEPLOYMENT_TARGET = 10.3;
				MTL_ENABLE_DEBUG_INFO = NO;
				SDKROOT = iphoneos;
				SWIFT_OPTIMIZATION_LEVEL = "-Owholemodule";
				VALIDATE_PRODUCT = YES;
			};
			name = Release;
		};
		CFDD25F41F01782500196692 /* Debug */ = {
			isa = XCBuildConfiguration;
			baseConfigurationReference = 27BE2546E40698FB30CAE7F0 /* Pods-RSuite-Geofence.debug.xcconfig */;
			buildSettings = {
				ASSETCATALOG_COMPILER_APPICON_NAME = AppIcon;
				DEVELOPMENT_TEAM = E8AN4S9FD3;
				INFOPLIST_FILE = "RSuite-Geofence/Info.plist";
				LD_RUNPATH_SEARCH_PATHS = "$(inherited) @executable_path/Frameworks";
				PRODUCT_BUNDLE_IDENTIFIER = "com.christinatsangouri.RSuite-Geofence";
				PRODUCT_NAME = "$(TARGET_NAME)";
				SWIFT_VERSION = 3.0;
			};
			name = Debug;
		};
		CFDD25F51F01782500196692 /* Release */ = {
			isa = XCBuildConfiguration;
			baseConfigurationReference = 3C3DF3A267F7BA4C8A64F10E /* Pods-RSuite-Geofence.release.xcconfig */;
			buildSettings = {
				ASSETCATALOG_COMPILER_APPICON_NAME = AppIcon;
				DEVELOPMENT_TEAM = E8AN4S9FD3;
				INFOPLIST_FILE = "RSuite-Geofence/Info.plist";
				LD_RUNPATH_SEARCH_PATHS = "$(inherited) @executable_path/Frameworks";
				PRODUCT_BUNDLE_IDENTIFIER = "com.christinatsangouri.RSuite-Geofence";
				PRODUCT_NAME = "$(TARGET_NAME)";
				SWIFT_VERSION = 3.0;
			};
			name = Release;
		};
		CFDD25F71F01782500196692 /* Debug */ = {
			isa = XCBuildConfiguration;
			baseConfigurationReference = C2D3E3C0A5254654E780119B /* Pods-RSuite-GeofenceTests.debug.xcconfig */;
			buildSettings = {
				ALWAYS_EMBED_SWIFT_STANDARD_LIBRARIES = YES;
				BUNDLE_LOADER = "$(TEST_HOST)";
				INFOPLIST_FILE = "RSuite-GeofenceTests/Info.plist";
				LD_RUNPATH_SEARCH_PATHS = "$(inherited) @executable_path/Frameworks @loader_path/Frameworks";
				PRODUCT_BUNDLE_IDENTIFIER = "com.christinatsangouri.RSuite-GeofenceTests";
				PRODUCT_NAME = "$(TARGET_NAME)";
				SWIFT_VERSION = 3.0;
				TEST_HOST = "$(BUILT_PRODUCTS_DIR)/RSuite-Geofence.app/RSuite-Geofence";
			};
			name = Debug;
		};
		CFDD25F81F01782500196692 /* Release */ = {
			isa = XCBuildConfiguration;
			baseConfigurationReference = 6F519F6D54677CEA7DDD7F8E /* Pods-RSuite-GeofenceTests.release.xcconfig */;
			buildSettings = {
				ALWAYS_EMBED_SWIFT_STANDARD_LIBRARIES = YES;
				BUNDLE_LOADER = "$(TEST_HOST)";
				INFOPLIST_FILE = "RSuite-GeofenceTests/Info.plist";
				LD_RUNPATH_SEARCH_PATHS = "$(inherited) @executable_path/Frameworks @loader_path/Frameworks";
				PRODUCT_BUNDLE_IDENTIFIER = "com.christinatsangouri.RSuite-GeofenceTests";
				PRODUCT_NAME = "$(TARGET_NAME)";
				SWIFT_VERSION = 3.0;
				TEST_HOST = "$(BUILT_PRODUCTS_DIR)/RSuite-Geofence.app/RSuite-Geofence";
			};
			name = Release;
		};
/* End XCBuildConfiguration section */

/* Begin XCConfigurationList section */
		CFDD25CE1F01782500196692 /* Build configuration list for PBXProject "RSuite-Geofence" */ = {
			isa = XCConfigurationList;
			buildConfigurations = (
				CFDD25F11F01782500196692 /* Debug */,
				CFDD25F21F01782500196692 /* Release */,
			);
			defaultConfigurationIsVisible = 0;
			defaultConfigurationName = Release;
		};
		CFDD25F31F01782500196692 /* Build configuration list for PBXNativeTarget "RSuite-Geofence" */ = {
			isa = XCConfigurationList;
			buildConfigurations = (
				CFDD25F41F01782500196692 /* Debug */,
				CFDD25F51F01782500196692 /* Release */,
			);
			defaultConfigurationIsVisible = 0;
			defaultConfigurationName = Release;
		};
		CFDD25F61F01782500196692 /* Build configuration list for PBXNativeTarget "RSuite-GeofenceTests" */ = {
			isa = XCConfigurationList;
			buildConfigurations = (
				CFDD25F71F01782500196692 /* Debug */,
				CFDD25F81F01782500196692 /* Release */,
			);
			defaultConfigurationIsVisible = 0;
			defaultConfigurationName = Release;
		};
/* End XCConfigurationList section */
	};
	rootObject = CFDD25CB1F01782500196692 /* Project object */;
}
